
Microsoft Visual Studio Solution File, Format Version 12.00
# Visual Studio 15
VisualStudioVersion = 15.0.28307.271
MinimumVisualStudioVersion = 10.0.40219.1
Project("{FAE04EC0-301F-11D3-BF4B-00C04F79EFBC}") = "HelloWorld", "HelloWorld\HelloWorld.csproj", "{4558ECC6-D711-4C2F-AE0C-5770F64E67B2}"
EndProject
Global
	GlobalSection(SolutionConfigurationPlatforms) = preSolution
		Debug|Any CPU = Debug|Any CPU
		Release|Any CPU = Release|Any CPU
	EndGlobalSection
	GlobalSection(ProjectConfigurationPlatforms) = postSolution
		{4558ECC6-D711-4C2F-AE0C-5770F64E67B2}.Debug|Any CPU.ActiveCfg = Debug|Any CPU
		{4558ECC6-D711-4C2F-AE0C-5770F64E67B2}.Debug|Any CPU.Build.0 = Debug|Any CPU
		{4558ECC6-D711-4C2F-AE0C-5770F64E67B2}.Release|Any CPU.ActiveCfg = Release|Any CPU
		{4558ECC6-D711-4C2F-AE0C-5770F64E67B2}.Release|Any CPU.Build.0 = Release|Any CPU
	EndGlobalSection
	GlobalSection(SolutionProperties) = preSolution
		HideSolutionNode = FALSE
	EndGlobalSection
	GlobalSection(ExtensibilityGlobals) = postSolution
		SolutionGuid = {B66252FF-1F20-44DF-AF82-EE037A71F2F8}
	EndGlobalSection
EndGlobal
